Microsoft Visual Studio Solution File, Format Version 12.00
# Visual Studio 14
VisualStudioVersion = 14.0.23107.0
MinimumVisualStudioVersion = 10.0.40219.1
Project("{2150E333-8FDC-42A3-9474-1A3956D46DE8}") = ".paket", ".paket", "{63297B98-5CED-492C-A5B7-A5B4F73CF142}"
	ProjectSection(SolutionItems) = preProject
		paket.dependencies = paket.dependencies
		paket.lock = paket.lock
	EndProjectSection
EndProject
Project("{2150E333-8FDC-42A3-9474-1A3956D46DE8}") = "docs", "docs", "{A6A6AF7D-D6E3-442D-9B1E-58CC91879BE1}"
EndProject
Project("{2150E333-8FDC-42A3-9474-1A3956D46DE8}") = "project", "project", "{BF60BC93-E09B-4E5F-9D85-95A519479D54}"
	ProjectSection(SolutionItems) = preProject
		build.fsx = build.fsx
		README.md = README.md
		RELEASE_NOTES.md = RELEASE_NOTES.md
	EndProjectSection
EndProject
Project("{2150E333-8FDC-42A3-9474-1A3956D46DE8}") = "tools", "tools", "{83F16175-43B1-4C90-A1EE-8E351C33435D}"
	ProjectSection(SolutionItems) = preProject
		docs\tools\generate.fsx = docs\tools\generate.fsx
		docs\tools\templates\template.cshtml = docs\tools\templates\template.cshtml
	EndProjectSection
EndProject
Project("{2150E333-8FDC-42A3-9474-1A3956D46DE8}") = "content", "content", "{8E6D5255-776D-4B61-85F9-73C37AA1FB9A}"
	ProjectSection(SolutionItems) = preProject
		docs\content\index.fsx = docs\content\index.fsx
		docs\content\tutorial.fsx = docs\content\tutorial.fsx
	EndProjectSection
EndProject
Project("{2150E333-8FDC-42A3-9474-1A3956D46DE8}") = "tests", "tests", "{ED8079DD-2B06-4030-9F0F-DC548F98E1C4}"
EndProject
Project("{2150E333-8FDC-42A3-9474-1A3956D46DE8}") = "samples", "samples", "{9AC1211D-ED52-415B-ABD1-B28390DB0BCC}"
EndProject
Project("{2150E333-8FDC-42A3-9474-1A3956D46DE8}") = "src", "src", "{C6C1E205-1B38-4ED3-B914-A6182FB23EFE}"
EndProject
Project("{2150E333-8FDC-42A3-9474-1A3956D46DE8}") = "HubLib", "HubLib", "{296A343D-654A-4E43-9FCE-7DAE4F454A1A}"
EndProject
Project("{2150E333-8FDC-42A3-9474-1A3956D46DE8}") = "Toolkit", "Toolkit", "{4E0202E8-0A10-40DC-A859-A25A72F02090}"
EndProject
Project("{F2A71F9B-5D33-465A-A702-920D77279786}") = "Gateway", "src\HubLib\Gateway\Gateway.fsproj", "{97BB9C67-E8B0-456A-BD52-1143A01E693A}"
EndProject
Project("{F2A71F9B-5D33-465A-A702-920D77279786}") = "LaunchGateway", "src\Toolkit\LaunchGateway\LaunchGateway.fsproj", "{2FF435F4-1C70-4223-AE6A-8932F19E049F}"
EndProject
Project("{F2A71F9B-5D33-465A-A702-920D77279786}") = "MonitorGateway", "src\Toolkit\MonitorGateway\MonitorGateway.fsproj", "{C1A90952-8EB1-4DDD-A1E0-DBD986815F11}"
EndProject
Project("{2150E333-8FDC-42A3-9474-1A3956D46DE8}") = "ImageCaption", "ImageCaption", "{90853787-5F7D-4187-9AA4-E998F22ABFDE}"
EndProject
Project("{FAE04EC0-301F-11D3-BF4B-00C04F79EFBC}") = "CaptionGeneration", "samples\ImageCaption\CaptionGeneration\CaptionGeneration.csproj", "{37B10822-258F-47DC-9EEA-25B439268312}"
EndProject
Project("{FAE04EC0-301F-11D3-BF4B-00C04F79EFBC}") = "ImageWordDetector", "samples\ImageCaption\ImageWordDetector\ImageWordDetector.csproj", "{F170DB6C-D3D0-4263-9FA2-DB17EF5E461C}"
EndProject
Project("{F2A71F9B-5D33-465A-A702-920D77279786}") = "PrajnaRecogServer", "samples\PrajnaRecogServer\PrajnaRecogServer.fsproj", "{F82F3414-FBF6-4CD5-8284-3FB3329A0BCE}"
EndProject
Project("{2150E333-8FDC-42A3-9474-1A3956D46DE8}") = "FaceRecognition", "FaceRecognition", "{6C15255F-3D69-4253-94FA-557AA71823E8}"
EndProject
Project("{F2A71F9B-5D33-465A-A702-920D77279786}") = "FaceDetectionServer", "samples\FaceRecognition\FaceDetectionServer\FaceDetectionServer.fsproj", "{906FA916-F491-4F9E-BEA8-16F73C28B789}"
EndProject
Project("{F2A71F9B-5D33-465A-A702-920D77279786}") = "CelebRecognitionServer", "samples\FaceRecognition\CelebRecognitionServer\CelebRecognitionServer.fsproj", "{DB5B9151-FC19-45E1-B4AE-15BB2C44F30F}"
EndProject
Project("{FAE04EC0-301F-11D3-BF4B-00C04F79EFBC}") = "ImageCaption", "samples\ImageCaption\ImageCaption\ImageCaption.csproj", "{136DC98E-28DE-4587-8E9F-E77FB8CF40A8}"
EndProject
Project("{FAE04EC0-301F-11D3-BF4B-00C04F79EFBC}") = "MLLR", "samples\MLLR\MLLR.csproj", "{B5E8E1B0-FC71-4136-A84F-56CD378908D6}"
EndProject
Project("{2150E333-8FDC-42A3-9474-1A3956D46DE8}") = "MLLRAzureWorker", "MLLRAzureWorker", "{4DA64B46-972B-4BF3-A53D-801E5C24E4A0}"
EndProject
Project("{CC5FD16D-436D-48AD-A40C-5A424C6E3E79}") = "MLLRAzureWorker", "samples\MLLRAzureWorker\MLLRAzureWorker.ccproj", "{BFD1924B-7925-44FC-82DC-DD94EF5FC474}"
EndProject
Project("{FAE04EC0-301F-11D3-BF4B-00C04F79EFBC}") = "WorkerRole", "samples\MLLRAzureWorker\WorkerRole\WorkerRole.csproj", "{6DFDA115-494A-4A4C-90D8-40C588136C47}"
EndProject
Project("{2150E333-8FDC-42A3-9474-1A3956D46DE8}") = "Docs", "Docs", "{0F9390DD-4A28-4855-94EA-6ECA77079EF2}"
	ProjectSection(SolutionItems) = preProject
		samples\MLLRAzureWorker\README.txt = samples\MLLRAzureWorker\README.txt
	EndProjectSection
EndProject
Project("{F2A71F9B-5D33-465A-A702-920D77279786}") = "CommandLineRecognition", "samples\CommandLineRecognition\CommandLineRecognition.fsproj", "{098A4308-A377-4770-A751-D6FE6C721DA0}"
EndProject
Project("{FAE04EC0-301F-11D3-BF4B-00C04F79EFBC}") = "ClientLibrary", "src\HubLib\ClientLibrary\ClientLibrary.csproj", "{C46327B8-2C81-4C5D-926F-DBDDC75225AB}"
EndProject
Global
	GlobalSection(SolutionConfigurationPlatforms) = preSolution
		Debug|Any CPU = Debug|Any CPU
		Debug|x64 = Debug|x64
		Release|Any CPU = Release|Any CPU
		Release|x64 = Release|x64
	EndGlobalSection
	GlobalSection(ProjectConfigurationPlatforms) = postSolution
		{97BB9C67-E8B0-456A-BD52-1143A01E693A}.Debug|Any CPU.ActiveCfg = Debug|x64
		{97BB9C67-E8B0-456A-BD52-1143A01E693A}.Debug|x64.ActiveCfg = Debug|x64
		{97BB9C67-E8B0-456A-BD52-1143A01E693A}.Debug|x64.Build.0 = Debug|x64
		{97BB9C67-E8B0-456A-BD52-1143A01E693A}.Release|Any CPU.ActiveCfg = Release|x64
		{97BB9C67-E8B0-456A-BD52-1143A01E693A}.Release|x64.ActiveCfg = Release|x64
		{97BB9C67-E8B0-456A-BD52-1143A01E693A}.Release|x64.Build.0 = Release|x64
		{2FF435F4-1C70-4223-AE6A-8932F19E049F}.Debug|Any CPU.ActiveCfg = Debug|x64
		{2FF435F4-1C70-4223-AE6A-8932F19E049F}.Debug|x64.ActiveCfg = Debug|x64
		{2FF435F4-1C70-4223-AE6A-8932F19E049F}.Debug|x64.Build.0 = Debug|x64
		{2FF435F4-1C70-4223-AE6A-8932F19E049F}.Release|Any CPU.ActiveCfg = Release|x64
		{2FF435F4-1C70-4223-AE6A-8932F19E049F}.Release|x64.ActiveCfg = Release|x64
		{2FF435F4-1C70-4223-AE6A-8932F19E049F}.Release|x64.Build.0 = Release|x64
		{C1A90952-8EB1-4DDD-A1E0-DBD986815F11}.Debug|Any CPU.ActiveCfg = Debug|x64
		{C1A90952-8EB1-4DDD-A1E0-DBD986815F11}.Debug|x64.ActiveCfg = Debug|x64
		{C1A90952-8EB1-4DDD-A1E0-DBD986815F11}.Debug|x64.Build.0 = Debug|x64
		{C1A90952-8EB1-4DDD-A1E0-DBD986815F11}.Release|Any CPU.ActiveCfg = Release|x64
		{C1A90952-8EB1-4DDD-A1E0-DBD986815F11}.Release|x64.ActiveCfg = Release|x64
		{C1A90952-8EB1-4DDD-A1E0-DBD986815F11}.Release|x64.Build.0 = Release|x64
		{37B10822-258F-47DC-9EEA-25B439268312}.Debug|Any CPU.ActiveCfg = Debug|x64
		{37B10822-258F-47DC-9EEA-25B439268312}.Debug|x64.ActiveCfg = Debug|x64
		{37B10822-258F-47DC-9EEA-25B439268312}.Debug|x64.Build.0 = Debug|x64
		{37B10822-258F-47DC-9EEA-25B439268312}.Release|Any CPU.ActiveCfg = Release|x64
		{37B10822-258F-47DC-9EEA-25B439268312}.Release|x64.ActiveCfg = Release|x64
		{37B10822-258F-47DC-9EEA-25B439268312}.Release|x64.Build.0 = Release|x64
		{F170DB6C-D3D0-4263-9FA2-DB17EF5E461C}.Debug|Any CPU.ActiveCfg = Debug|x64
		{F170DB6C-D3D0-4263-9FA2-DB17EF5E461C}.Debug|x64.ActiveCfg = Debug|x64
		{F170DB6C-D3D0-4263-9FA2-DB17EF5E461C}.Debug|x64.Build.0 = Debug|x64
		{F170DB6C-D3D0-4263-9FA2-DB17EF5E461C}.Release|Any CPU.ActiveCfg = Release|x64
		{F170DB6C-D3D0-4263-9FA2-DB17EF5E461C}.Release|x64.ActiveCfg = Release|x64
		{F170DB6C-D3D0-4263-9FA2-DB17EF5E461C}.Release|x64.Build.0 = Release|x64
		{F82F3414-FBF6-4CD5-8284-3FB3329A0BCE}.Debug|Any CPU.ActiveCfg = Debug|x64
		{F82F3414-FBF6-4CD5-8284-3FB3329A0BCE}.Debug|x64.ActiveCfg = Debug|x64
		{F82F3414-FBF6-4CD5-8284-3FB3329A0BCE}.Debug|x64.Build.0 = Debug|x64
		{F82F3414-FBF6-4CD5-8284-3FB3329A0BCE}.Release|Any CPU.ActiveCfg = Release|x64
		{F82F3414-FBF6-4CD5-8284-3FB3329A0BCE}.Release|x64.ActiveCfg = Release|x64
		{F82F3414-FBF6-4CD5-8284-3FB3329A0BCE}.Release|x64.Build.0 = Release|x64
		{906FA916-F491-4F9E-BEA8-16F73C28B789}.Debug|Any CPU.ActiveCfg = Debug|x64
		{906FA916-F491-4F9E-BEA8-16F73C28B789}.Debug|x64.ActiveCfg = Debug|x64
		{906FA916-F491-4F9E-BEA8-16F73C28B789}.Debug|x64.Build.0 = Debug|x64
		{906FA916-F491-4F9E-BEA8-16F73C28B789}.Release|Any CPU.ActiveCfg = Release|x64
		{906FA916-F491-4F9E-BEA8-16F73C28B789}.Release|x64.ActiveCfg = Release|x64
		{906FA916-F491-4F9E-BEA8-16F73C28B789}.Release|x64.Build.0 = Release|x64
		{DB5B9151-FC19-45E1-B4AE-15BB2C44F30F}.Debug|Any CPU.ActiveCfg = Debug|x64
		{DB5B9151-FC19-45E1-B4AE-15BB2C44F30F}.Debug|x64.ActiveCfg = Debug|x64
		{DB5B9151-FC19-45E1-B4AE-15BB2C44F30F}.Debug|x64.Build.0 = Debug|x64
		{DB5B9151-FC19-45E1-B4AE-15BB2C44F30F}.Release|Any CPU.ActiveCfg = Release|x64
		{DB5B9151-FC19-45E1-B4AE-15BB2C44F30F}.Release|x64.ActiveCfg = Release|x64
		{DB5B9151-FC19-45E1-B4AE-15BB2C44F30F}.Release|x64.Build.0 = Release|x64
		{136DC98E-28DE-4587-8E9F-E77FB8CF40A8}.Debug|Any CPU.ActiveCfg = Debug|x64
		{136DC98E-28DE-4587-8E9F-E77FB8CF40A8}.Debug|x64.ActiveCfg = Debug|x64
		{136DC98E-28DE-4587-8E9F-E77FB8CF40A8}.Debug|x64.Build.0 = Debug|x64
		{136DC98E-28DE-4587-8E9F-E77FB8CF40A8}.Release|Any CPU.ActiveCfg = Release|x64
		{136DC98E-28DE-4587-8E9F-E77FB8CF40A8}.Release|x64.ActiveCfg = Release|x64
		{136DC98E-28DE-4587-8E9F-E77FB8CF40A8}.Release|x64.Build.0 = Release|x64
		{B5E8E1B0-FC71-4136-A84F-56CD378908D6}.Debug|Any CPU.ActiveCfg = Debug|x64
		{B5E8E1B0-FC71-4136-A84F-56CD378908D6}.Debug|x64.ActiveCfg = Debug|x64
		{B5E8E1B0-FC71-4136-A84F-56CD378908D6}.Debug|x64.Build.0 = Debug|x64
		{B5E8E1B0-FC71-4136-A84F-56CD378908D6}.Release|Any CPU.ActiveCfg = Release|x64
		{B5E8E1B0-FC71-4136-A84F-56CD378908D6}.Release|x64.ActiveCfg = Release|x64
		{B5E8E1B0-FC71-4136-A84F-56CD378908D6}.Release|x64.Build.0 = Release|x64
		{BFD1924B-7925-44FC-82DC-DD94EF5FC474}.Debug|Any CPU.ActiveCfg = Debug|Any CPU
		{BFD1924B-7925-44FC-82DC-DD94EF5FC474}.Debug|Any CPU.Build.0 = Debug|Any CPU
		{BFD1924B-7925-44FC-82DC-DD94EF5FC474}.Debug|x64.ActiveCfg = Debug|Any CPU
		{BFD1924B-7925-44FC-82DC-DD94EF5FC474}.Debug|x64.Build.0 = Debug|Any CPU
		{BFD1924B-7925-44FC-82DC-DD94EF5FC474}.Release|Any CPU.ActiveCfg = Release|Any CPU
		{BFD1924B-7925-44FC-82DC-DD94EF5FC474}.Release|Any CPU.Build.0 = Release|Any CPU
		{BFD1924B-7925-44FC-82DC-DD94EF5FC474}.Release|x64.ActiveCfg = Release|Any CPU
		{BFD1924B-7925-44FC-82DC-DD94EF5FC474}.Release|x64.Build.0 = Release|Any CPU
		{6DFDA115-494A-4A4C-90D8-40C588136C47}.Debug|Any CPU.ActiveCfg = Debug|Any CPU
		{6DFDA115-494A-4A4C-90D8-40C588136C47}.Debug|Any CPU.Build.0 = Debug|Any CPU
		{6DFDA115-494A-4A4C-90D8-40C588136C47}.Debug|x64.ActiveCfg = Debug|x64
		{6DFDA115-494A-4A4C-90D8-40C588136C47}.Debug|x64.Build.0 = Debug|x64
		{6DFDA115-494A-4A4C-90D8-40C588136C47}.Release|Any CPU.ActiveCfg = Release|Any CPU
		{6DFDA115-494A-4A4C-90D8-40C588136C47}.Release|Any CPU.Build.0 = Release|Any CPU
		{6DFDA115-494A-4A4C-90D8-40C588136C47}.Release|x64.ActiveCfg = Release|x64
		{6DFDA115-494A-4A4C-90D8-40C588136C47}.Release|x64.Build.0 = Release|x64
		{098A4308-A377-4770-A751-D6FE6C721DA0}.Debug|Any CPU.ActiveCfg = Debug|Any CPU
		{098A4308-A377-4770-A751-D6FE6C721DA0}.Debug|Any CPU.Build.0 = Debug|Any CPU
		{098A4308-A377-4770-A751-D6FE6C721DA0}.Debug|x64.ActiveCfg = Debug|x64
		{098A4308-A377-4770-A751-D6FE6C721DA0}.Debug|x64.Build.0 = Debug|x64
		{098A4308-A377-4770-A751-D6FE6C721DA0}.Release|Any CPU.ActiveCfg = Release|Any CPU
		{098A4308-A377-4770-A751-D6FE6C721DA0}.Release|Any CPU.Build.0 = Release|Any CPU
		{098A4308-A377-4770-A751-D6FE6C721DA0}.Release|x64.ActiveCfg = Release|x64
		{098A4308-A377-4770-A751-D6FE6C721DA0}.Release|x64.Build.0 = Release|x64
		{C46327B8-2C81-4C5D-926F-DBDDC75225AB}.Debug|Any CPU.ActiveCfg = Debug|Any CPU
		{C46327B8-2C81-4C5D-926F-DBDDC75225AB}.Debug|Any CPU.Build.0 = Debug|Any CPU
		{C46327B8-2C81-4C5D-926F-DBDDC75225AB}.Debug|x64.ActiveCfg = Debug|Any CPU
		{C46327B8-2C81-4C5D-926F-DBDDC75225AB}.Debug|x64.Build.0 = Debug|Any CPU
		{C46327B8-2C81-4C5D-926F-DBDDC75225AB}.Release|Any CPU.ActiveCfg = Release|Any CPU
		{C46327B8-2C81-4C5D-926F-DBDDC75225AB}.Release|Any CPU.Build.0 = Release|Any CPU
		{C46327B8-2C81-4C5D-926F-DBDDC75225AB}.Release|x64.ActiveCfg = Release|Any CPU
		{C46327B8-2C81-4C5D-926F-DBDDC75225AB}.Release|x64.Build.0 = Release|Any CPU
	EndGlobalSection
	GlobalSection(SolutionProperties) = preSolution
		HideSolutionNode = FALSE
	EndGlobalSection
	GlobalSection(NestedProjects) = preSolution
		{296A343D-654A-4E43-9FCE-7DAE4F454A1A} = {C6C1E205-1B38-4ED3-B914-A6182FB23EFE}
		{4E0202E8-0A10-40DC-A859-A25A72F02090} = {C6C1E205-1B38-4ED3-B914-A6182FB23EFE}
		{97BB9C67-E8B0-456A-BD52-1143A01E693A} = {296A343D-654A-4E43-9FCE-7DAE4F454A1A}
		{2FF435F4-1C70-4223-AE6A-8932F19E049F} = {4E0202E8-0A10-40DC-A859-A25A72F02090}
		{C1A90952-8EB1-4DDD-A1E0-DBD986815F11} = {4E0202E8-0A10-40DC-A859-A25A72F02090}
		{90853787-5F7D-4187-9AA4-E998F22ABFDE} = {9AC1211D-ED52-415B-ABD1-B28390DB0BCC}
		{37B10822-258F-47DC-9EEA-25B439268312} = {90853787-5F7D-4187-9AA4-E998F22ABFDE}
		{F170DB6C-D3D0-4263-9FA2-DB17EF5E461C} = {90853787-5F7D-4187-9AA4-E998F22ABFDE}
		{F82F3414-FBF6-4CD5-8284-3FB3329A0BCE} = {9AC1211D-ED52-415B-ABD1-B28390DB0BCC}
		{6C15255F-3D69-4253-94FA-557AA71823E8} = {9AC1211D-ED52-415B-ABD1-B28390DB0BCC}
		{906FA916-F491-4F9E-BEA8-16F73C28B789} = {6C15255F-3D69-4253-94FA-557AA71823E8}
		{DB5B9151-FC19-45E1-B4AE-15BB2C44F30F} = {6C15255F-3D69-4253-94FA-557AA71823E8}
		{136DC98E-28DE-4587-8E9F-E77FB8CF40A8} = {90853787-5F7D-4187-9AA4-E998F22ABFDE}
		{B5E8E1B0-FC71-4136-A84F-56CD378908D6} = {9AC1211D-ED52-415B-ABD1-B28390DB0BCC}
		{4DA64B46-972B-4BF3-A53D-801E5C24E4A0} = {9AC1211D-ED52-415B-ABD1-B28390DB0BCC}
		{BFD1924B-7925-44FC-82DC-DD94EF5FC474} = {4DA64B46-972B-4BF3-A53D-801E5C24E4A0}
		{6DFDA115-494A-4A4C-90D8-40C588136C47} = {4DA64B46-972B-4BF3-A53D-801E5C24E4A0}
		{0F9390DD-4A28-4855-94EA-6ECA77079EF2} = {4DA64B46-972B-4BF3-A53D-801E5C24E4A0}
		{098A4308-A377-4770-A751-D6FE6C721DA0} = {9AC1211D-ED52-415B-ABD1-B28390DB0BCC}
		{C46327B8-2C81-4C5D-926F-DBDDC75225AB} = {296A343D-654A-4E43-9FCE-7DAE4F454A1A}
	EndGlobalSection
EndGlobal
